
Microsoft Visual Studio Solution File, Format Version 12.00
# Visual Studio Version 17
VisualStudioVersion = 17.9.34728.123
MinimumVisualStudioVersion = 10.0.40219.1
Project("{9A19103F-16F7-4668-BE54-9A1E7A4F7556}") = "TaxCalculator", "TaxCalculator\TaxCalculator.csproj", "{25D034DF-0288-4DFC-A7A7-50CE1E724EDC}"
EndProject
Project("{FAE04EC0-301F-11D3-BF4B-00C04F79EFBC}") = "CongestionTaxAPI.DataAccess", "CongestionTaxAPI.DataAccess\CongestionTaxAPI.DataAccess.csproj", "{C00C16AE-86B0-440E-A351-97E0AA365834}"
EndProject
Project("{FAE04EC0-301F-11D3-BF4B-00C04F79EFBC}") = "CongestionTaxAPI.Business", "CongestionTaxAPI.Business\CongestionTaxAPI.Business.csproj", "{EEAF19B8-393E-4B2E-AAA7-7504DD95C8A2}"
EndProject
Project("{FAE04EC0-301F-11D3-BF4B-00C04F79EFBC}") = "CongestionTaxAPI.DTO", "CongestionTaxAPI.DTO\CongestionTaxAPI.DTO.csproj", "{15F64058-8DF3-442B-A022-8FD9E26FD595}"
EndProject
Project("{FAE04EC0-301F-11D3-BF4B-00C04F79EFBC}") = "CongestionTaxAPI.Interfaces", "CongestionTaxAPI.Interfaces\CongestionTaxAPI.Interfaces.csproj", "{46FB7EBA-0EDF-4298-9A63-672DC4738BFA}"
EndProject
Project("{FAE04EC0-301F-11D3-BF4B-00C04F79EFBC}") = "CongestionTaxAPI.Utilities", "CongestionTaxAPI.Utilities\CongestionTaxAPI.Utilities.csproj", "{3873B24B-9C45-46C9-842D-1E554B2E9A41}"
EndProject
Global
	GlobalSection(SolutionConfigurationPlatforms) = preSolution
		Debug|Any CPU = Debug|Any CPU
		Release|Any CPU = Release|Any CPU
	EndGlobalSection
	GlobalSection(ProjectConfigurationPlatforms) = postSolution
		{25D034DF-0288-4DFC-A7A7-50CE1E724EDC}.Debug|Any CPU.ActiveCfg = Debug|Any CPU
		{25D034DF-0288-4DFC-A7A7-50CE1E724EDC}.Debug|Any CPU.Build.0 = Debug|Any CPU
		{25D034DF-0288-4DFC-A7A7-50CE1E724EDC}.Release|Any CPU.ActiveCfg = Release|Any CPU
		{25D034DF-0288-4DFC-A7A7-50CE1E724EDC}.Release|Any CPU.Build.0 = Release|Any CPU
		{C00C16AE-86B0-440E-A351-97E0AA365834}.Debug|Any CPU.ActiveCfg = Debug|Any CPU
		{C00C16AE-86B0-440E-A351-97E0AA365834}.Debug|Any CPU.Build.0 = Debug|Any CPU
		{C00C16AE-86B0-440E-A351-97E0AA365834}.Release|Any CPU.ActiveCfg = Release|Any CPU
		{C00C16AE-86B0-440E-A351-97E0AA365834}.Release|Any CPU.Build.0 = Release|Any CPU
		{EEAF19B8-393E-4B2E-AAA7-7504DD95C8A2}.Debug|Any CPU.ActiveCfg = Debug|Any CPU
		{EEAF19B8-393E-4B2E-AAA7-7504DD95C8A2}.Debug|Any CPU.Build.0 = Debug|Any CPU
		{EEAF19B8-393E-4B2E-AAA7-7504DD95C8A2}.Release|Any CPU.ActiveCfg = Release|Any CPU
		{EEAF19B8-393E-4B2E-AAA7-7504DD95C8A2}.Release|Any CPU.Build.0 = Release|Any CPU
		{15F64058-8DF3-442B-A022-8FD9E26FD595}.Debug|Any CPU.ActiveCfg = Debug|Any CPU
		{15F64058-8DF3-442B-A022-8FD9E26FD595}.Debug|Any CPU.Build.0 = Debug|Any CPU
		{15F64058-8DF3-442B-A022-8FD9E26FD595}.Release|Any CPU.ActiveCfg = Release|Any CPU
		{15F64058-8DF3-442B-A022-8FD9E26FD595}.Release|Any CPU.Build.0 = Release|Any CPU
		{46FB7EBA-0EDF-4298-9A63-672DC4738BFA}.Debug|Any CPU.ActiveCfg = Debug|Any CPU
		{46FB7EBA-0EDF-4298-9A63-672DC4738BFA}.Debug|Any CPU.Build.0 = Debug|Any CPU
		{46FB7EBA-0EDF-4298-9A63-672DC4738BFA}.Release|Any CPU.ActiveCfg = Release|Any CPU
		{46FB7EBA-0EDF-4298-9A63-672DC4738BFA}.Release|Any CPU.Build.0 = Release|Any CPU
		{3873B24B-9C45-46C9-842D-1E554B2E9A41}.Debug|Any CPU.ActiveCfg = Debug|Any CPU
		{3873B24B-9C45-46C9-842D-1E554B2E9A41}.Debug|Any CPU.Build.0 = Debug|Any CPU
		{3873B24B-9C45-46C9-842D-1E554B2E9A41}.Release|Any CPU.ActiveCfg = Release|Any CPU
		{3873B24B-9C45-46C9-842D-1E554B2E9A41}.Release|Any CPU.Build.0 = Release|Any CPU
	EndGlobalSection
	GlobalSection(SolutionProperties) = preSolution
		HideSolutionNode = FALSE
	EndGlobalSection
	GlobalSection(ExtensibilityGlobals) = postSolution
		SolutionGuid = {BB8C5520-C014-482E-8A66-9A13D8DEF9B9}
	EndGlobalSection
EndGlobal
